// !$*UTF8*$!
{
	archiveVersion = 1;
	classes = {
	};
	objectVersion = 55;
	objects = {

/* Begin PBXBuildFile section */
		3318E03D289E59B200B34372 /* FurnitureShop_AppApp.swift in Sources */ = {isa = PBXBuildFile; fileRef = 3318E03C289E59B200B34372 /* FurnitureShop_AppApp.swift */; };
		3318E03F289E59B200B34372 /* ContentView.swift in Sources */ = {isa = PBXBuildFile; fileRef = 3318E03E289E59B200B34372 /* ContentView.swift */; };
		3318E041289E59B400B34372 /* Assets.xcassets in Resources */ = {isa = PBXBuildFile; fileRef = 3318E040289E59B400B34372 /* Assets.xcassets */; };
		3318E044289E59B400B34372 /* Preview Assets.xcassets in Resources */ = {isa = PBXBuildFile; fileRef = 3318E043289E59B400B34372 /* Preview Assets.xcassets */; };
		3318E04C289E5A5400B34372 /* Home.swift in Sources */ = {isa = PBXBuildFile; fileRef = 3318E04B289E5A5400B34372 /* Home.swift */; };
		3318E04E289E5A7500B34372 /* DetailScreen.swift in Sources */ = {isa = PBXBuildFile; fileRef = 3318E04D289E5A7500B34372 /* DetailScreen.swift */; };
		3318E052289E5A8B00B34372 /* PlayfairDisplay-Bold.ttf in Resources */ = {isa = PBXBuildFile; fileRef = 3318E050289E5A8B00B34372 /* PlayfairDisplay-Bold.ttf */; };
		3318E053289E5A8B00B34372 /* PlayfairDisplay-Regular.ttf in Resources */ = {isa = PBXBuildFile; fileRef = 3318E051289E5A8B00B34372 /* PlayfairDisplay-Regular.ttf */; };
		3318E055289E5A9E00B34372 /* gif.gif in Resources */ = {isa = PBXBuildFile; fileRef = 3318E054289E5A9E00B34372 /* gif.gif */; };
/* End PBXBuildFile section */

/* Begin PBXFileReference section */
		3318E039289E59B200B34372 /* FurnitureShop App.app */ = {isa = PBXFileReference; explicitFileType = wrapper.application; includeInIndex = 0; path = "FurnitureShop App.app"; sourceTree = BUILT_PRODUCTS_DIR; };
		3318E03C289E59B200B34372 /* FurnitureShop_AppApp.swift */ = {isa = PBXFileReference; lastKnownFileType = sourcecode.swift; path = FurnitureShop_AppApp.swift; sourceTree = "<group>"; };
		3318E03E289E59B200B34372 /* ContentView.swift */ = {isa = PBXFileReference; lastKnownFileType = sourcecode.swift; path = ContentView.swift; sourceTree = "<group>"; };
		3318E040289E59B400B34372 /* Assets.xcassets */ = {isa = PBXFileReference; lastKnownFileType = folder.assetcatalog; path = Assets.xcassets; sourceTree = "<group>"; };
		3318E043289E59B400B34372 /* Preview Assets.xcassets */ = {isa = PBXFileReference; lastKnownFileType = folder.assetcatalog; path = "Preview Assets.xcassets"; sourceTree = "<group>"; };
		3318E04B289E5A5400B34372 /* Home.swift */ = {isa = PBXFileReference; lastKnownFileType = sourcecode.swift; path = Home.swift; sourceTree = "<group>"; };
		3318E04D289E5A7500B34372 /* DetailScreen.swift */ = {isa = PBXFileReference; lastKnownFileType = sourcecode.swift; path = DetailScreen.swift; sourceTree = "<group>"; };
		3318E050289E5A8B00B34372 /* PlayfairDisplay-Bold.ttf */ = {isa = PBXFileReference; lastKnownFileType = file; path = "PlayfairDisplay-Bold.ttf"; sourceTree = "<group>"; };
		3318E051289E5A8B00B34372 /* PlayfairDisplay-Regular.ttf */ = {isa = PBXFileReference; lastKnownFileType = file; path = "PlayfairDisplay-Regular.ttf"; sourceTree = "<group>"; };
		3318E054289E5A9E00B34372 /* gif.gif */ = {isa = PBXFileReference; lastKnownFileType = image.gif; path = gif.gif; sourceTree = "<group>"; };
		3318E056289E6A5E00B34372 /* FurnitureShop-App-Info.plist */ = {isa = PBXFileReference; lastKnownFileType = text.plist; path = "FurnitureShop-App-Info.plist"; sourceTree = SOURCE_ROOT; };
/* End PBXFileReference section */

/* Begin PBXFrameworksBuildPhase section */
		3318E036289E59B200B34372 /* Frameworks */ = {
			isa = PBXFrameworksBuildPhase;
			buildActionMask = 2147483647;
			files = (
			);
			runOnlyForDeploymentPostprocessing = 0;
		};
/* End PBXFrameworksBuildPhase section */

/* Begin PBXGroup section */
		3318E030289E59B200B34372 = {
			isa = PBXGroup;
			children = (
				3318E054289E5A9E00B34372 /* gif.gif */,
				3318E04A289E5A4200B34372 /* Screen */,
				3318E03B289E59B200B34372 /* FurnitureShop App */,
				3318E03A289E59B200B34372 /* Products */,
			);
			sourceTree = "<group>";
		};
		3318E03A289E59B200B34372 /* Products */ = {
			isa = PBXGroup;
			children = (
				3318E039289E59B200B34372 /* FurnitureShop App.app */,
			);
			name = Products;
			sourceTree = "<group>";
		};
		3318E03B289E59B200B34372 /* FurnitureShop App */ = {
			isa = PBXGroup;
			children = (
				3318E056289E6A5E00B34372 /* FurnitureShop-App-Info.plist */,
				3318E03C289E59B200B34372 /* FurnitureShop_AppApp.swift */,
				3318E03E289E59B200B34372 /* ContentView.swift */,
				3318E04F289E5A8B00B34372 /* Fonts */,
				3318E040289E59B400B34372 /* Assets.xcassets */,
				3318E042289E59B400B34372 /* Preview Content */,
			);
			path = "FurnitureShop App";
			sourceTree = "<group>";
		};
		3318E042289E59B400B34372 /* Preview Content */ = {
			isa = PBXGroup;
			children = (
				3318E043289E59B400B34372 /* Preview Assets.xcassets */,
			);
			path = "Preview Content";
			sourceTree = "<group>";
		};
		3318E04A289E5A4200B34372 /* Screen */ = {
			isa = PBXGroup;
			children = (
				3318E04B289E5A5400B34372 /* Home.swift */,
				3318E04D289E5A7500B34372 /* DetailScreen.swift */,
			);
			path = Screen;
			sourceTree = "<group>";
		};
		3318E04F289E5A8B00B34372 /* Fonts */ = {
			isa = PBXGroup;
			children = (
				3318E050289E5A8B00B34372 /* PlayfairDisplay-Bold.ttf */,
				3318E051289E5A8B00B34372 /* PlayfairDisplay-Regular.ttf */,
			);
			path = Fonts;
			sourceTree = "<group>";
		};
/* End PBXGroup section */

/* Begin PBXNativeTarget section */
		3318E038289E59B200B34372 /* FurnitureShop App */ = {
			isa = PBXNativeTarget;
			buildConfigurationList = 3318E047289E59B400B34372 /* Build configuration list for PBXNativeTarget "FurnitureShop App" */;
			buildPhases = (
				3318E035289E59B200B34372 /* Sources */,
				3318E036289E59B200B34372 /* Frameworks */,
				3318E037289E59B200B34372 /* Resources */,
			);
			buildRules = (
			);
			dependencies = (
			);
			name = "FurnitureShop App";
			productName = "FurnitureShop App";
			productReference = 3318E039289E59B200B34372 /* FurnitureShop App.app */;
			productType = "com.apple.product-type.application";
		};
/* End PBXNativeTarget section */

/* Begin PBXProject section */
		3318E031289E59B200B34372 /* Project object */ = {
			isa = PBXProject;
			attributes = {
				BuildIndependentTargetsInParallel = 1;
				LastSwiftUpdateCheck = 1320;
				LastUpgradeCheck = 1320;
				TargetAttributes = {
					3318E038289E59B200B34372 = {
						CreatedOnToolsVersion = 13.2.1;
					};
				};
			};
			buildConfigurationList = 3318E034289E59B200B34372 /* Build configuration list for PBXProject "FurnitureShop App" */;
			compatibilityVersion = "Xcode 13.0";
			developmentRegion = en;
			hasScannedForEncodings = 0;
			knownRegions = (
				en,
				Base,
			);
			mainGroup = 3318E030289E59B200B34372;
			productRefGroup = 3318E03A289E59B200B34372 /* Products */;
			projectDirPath = "";
			projectRoot = "";
			targets = (
				3318E038289E59B200B34372 /* FurnitureShop App */,
			);
		};
/* End PBXProject section */

/* Begin PBXResourcesBuildPhase section */
		3318E037289E59B200B34372 /* Resources */ = {
			isa = PBXResourcesBuildPhase;
			buildActionMask = 2147483647;
			files = (
				3318E053289E5A8B00B34372 /* PlayfairDisplay-Regular.ttf in Resources */,
				3318E052289E5A8B00B34372 /* PlayfairDisplay-Bold.ttf in Resources */,
				3318E044289E59B400B34372 /* Preview Assets.xcassets in Resources */,
				3318E041289E59B400B34372 /* Assets.xcassets in Resources */,
				3318E055289E5A9E00B34372 /* gif.gif in Resources */,
			);
			runOnlyForDeploymentPostprocessing = 0;
		};
/* End PBXResourcesBuildPhase section */

/* Begin PBXSourcesBuildPhase section */
		3318E035289E59B200B34372 /* Sources */ = {
			isa = PBXSourcesBuildPhase;
			buildActionMask = 2147483647;
			files = (
				3318E04E289E5A7500B34372 /* DetailScreen.swift in Sources */,
				3318E03F289E59B200B34372 /* ContentView.swift in Sources */,
				3318E04C289E5A5400B34372 /* Home.swift in Sources */,
				3318E03D289E59B200B34372 /* FurnitureShop_AppApp.swift in Sources */,
			);
			runOnlyForDeploymentPostprocessing = 0;
		};
/* End PBXSourcesBuildPhase section */

/* Begin XCBuildConfiguration section */
		3318E045289E59B400B34372 /* Debug */ = {
			isa = XCBuildConfiguration;
			buildSettings = {
				ALWAYS_SEARCH_USER_PATHS = NO;
				CLANG_ANALYZER_NONNULL = YES;
				CLANG_ANALYZER_NUMBER_OBJECT_CONVERSION = YES_AGGRESSIVE;
				CLANG_CXX_LANGUAGE_STANDARD = "gnu++17";
				CLANG_CXX_LIBRARY = "libc++";
				CLANG_ENABLE_MODULES = YES;
				CLANG_ENABLE_OBJC_ARC = YES;
				CLANG_ENABLE_OBJC_WEAK = YES;
				CLANG_WARN_BLOCK_CAPTURE_AUTORELEASING = YES;
				CLANG_WARN_BOOL_CONVERSION = YES;
				CLANG_WARN_COMMA = YES;
				CLANG_WARN_CONSTANT_CONVERSION = YES;
				CLANG_WARN_DEPRECATED_OBJC_IMPLEMENTATIONS = YES;
				CLANG_WARN_DIRECT_OBJC_ISA_USAGE = YES_ERROR;
				CLANG_WARN_DOCUMENTATION_COMMENTS = YES;
				CLANG_WARN_EMPTY_BODY = YES;
				CLANG_WARN_ENUM_CONVERSION = YES;
				CLANG_WARN_INFINITE_RECURSION = YES;
				CLANG_WARN_INT_CONVERSION = YES;
				CLANG_WARN_NON_LITERAL_NULL_CONVERSION = YES;
				CLANG_WARN_OBJC_IMPLICIT_RETAIN_SELF = YES;
				CLANG_WARN_OBJC_LITERAL_CONVERSION = YES;
				CLANG_WARN_OBJC_ROOT_CLASS = YES_ERROR;
				CLANG_WARN_QUOTED_INCLUDE_IN_FRAMEWORK_HEADER = YES;
				CLANG_WARN_RANGE_LOOP_ANALYSIS = YES;
				CLANG_WARN_STRICT_PROTOTYPES = YES;
				CLANG_WARN_SUSPICIOUS_MOVE = YES;
				CLANG_WARN_UNGUARDED_AVAILABILITY = YES_AGGRESSIVE;
				CLANG_WARN_UNREACHABLE_CODE = YES;
				CLANG_WARN__DUPLICATE_METHOD_MATCH = YES;
				COPY_PHASE_STRIP = NO;
				DEBUG_INFORMATION_FORMAT = dwarf;
				ENABLE_STRICT_OBJC_MSGSEND = YES;
				ENABLE_TESTABILITY = YES;
				GCC_C_LANGUAGE_STANDARD = gnu11;
				GCC_DYNAMIC_NO_PIC = NO;
				GCC_NO_COMMON_BLOCKS = YES;
				GCC_OPTIMIZATION_LEVEL = 0;
				GCC_PREPROCESSOR_DEFINITIONS = (
					"DEBUG=1",
					"$(inherited)",
				);
				GCC_WARN_64_TO_32_BIT_CONVERSION = YES;
				GCC_WARN_ABOUT_RETURN_TYPE = YES_ERROR;
				GCC_WARN_UNDECLARED_SELECTOR = YES;
				GCC_WARN_UNINITIALIZED_AUTOS = YES_AGGRESSIVE;
				GCC_WARN_UNUSED_FUNCTION = YES;
				GCC_WARN_UNUSED_VARIABLE = YES;
				IPHONEOS_DEPLOYMENT_TARGET = 15.2;
				MTL_ENABLE_DEBUG_INFO = INCLUDE_SOURCE;
				MTL_FAST_MATH = YES;
				ONLY_ACTIVE_ARCH = YES;
				SDKROOT = iphoneos;
				SWIFT_ACTIVE_COMPILATION_CONDITIONS = DEBUG;
				SWIFT_OPTIMIZATION_LEVEL = "-Onone";
			};
			name = Debug;
		};
		3318E046289E59B400B34372 /* Release */ = {
			isa = XCBuildConfiguration;
			buildSettings = {
				ALWAYS_SEARCH_USER_PATHS = NO;
				CLANG_ANALYZER_NONNULL = YES;
				CLANG_ANALYZER_NUMBER_OBJECT_CONVERSION = YES_AGGRESSIVE;
				CLANG_CXX_LANGUAGE_STANDARD = "gnu++17";
				CLANG_CXX_LIBRARY = "libc++";
				CLANG_ENABLE_MODULES = YES;
				CLANG_ENABLE_OBJC_ARC = YES;
				CLANG_ENABLE_OBJC_WEAK = YES;
				CLANG_WARN_BLOCK_CAPTURE_AUTORELEASING = YES;
				CLANG_WARN_BOOL_CONVERSION = YES;
				CLANG_WARN_COMMA = YES;
				CLANG_WARN_CONSTANT_CONVERSION = YES;
				CLANG_WARN_DEPRECATED_OBJC_IMPLEMENTATIONS = YES;
				CLANG_WARN_DIRECT_OBJC_ISA_USAGE = YES_ERROR;
				CLANG_WARN_DOCUMENTATION_COMMENTS = YES;
				CLANG_WARN_EMPTY_BODY = YES;
				CLANG_WARN_ENUM_CONVERSION = YES;
				CLANG_WARN_INFINITE_RECURSION = YES;
				CLANG_WARN_INT_CONVERSION = YES;
				CLANG_WARN_NON_LITERAL_NULL_CONVERSION = YES;
				CLANG_WARN_OBJC_IMPLICIT_RETAIN_SELF = YES;
				CLANG_WARN_OBJC_LITERAL_CONVERSION = YES;
				CLANG_WARN_OBJC_ROOT_CLASS = YES_ERROR;
				CLANG_WARN_QUOTED_INCLUDE_IN_FRAMEWORK_HEADER = YES;
				CLANG_WARN_RANGE_LOOP_ANALYSIS = YES;
				CLANG_WARN_STRICT_PROTOTYPES = YES;
				CLANG_WARN_SUSPICIOUS_MOVE = YES;
				CLANG_WARN_UNGUARDED_AVAILABILITY = YES_AGGRESSIVE;
				CLANG_WARN_UNREACHABLE_CODE = YES;
				CLANG_WARN__DUPLICATE_METHOD_MATCH = YES;
				COPY_PHASE_STRIP = NO;
				DEBUG_INFORMATION_FORMAT = "dwarf-with-dsym";
				ENABLE_NS_ASSERTIONS = NO;
				ENABLE_STRICT_OBJC_MSGSEND = YES;
				GCC_C_LANGUAGE_STANDARD = gnu11;
				GCC_NO_COMMON_BLOCKS = YES;
				GCC_WARN_64_TO_32_BIT_CONVERSION = YES;
				GCC_WARN_ABOUT_RETURN_TYPE = YES_ERROR;
				GCC_WARN_UNDECLARED_SELECTOR = YES;
				GCC_WARN_UNINITIALIZED_AUTOS = YES_AGGRESSIVE;
				GCC_WARN_UNUSED_FUNCTION = YES;
				GCC_WARN_UNUSED_VARIABLE = YES;
				IPHONEOS_DEPLOYMENT_TARGET = 15.2;
				MTL_ENABLE_DEBUG_INFO = NO;
				MTL_FAST_MATH = YES;
				SDKROOT = iphoneos;
				SWIFT_COMPILATION_MODE = wholemodule;
				SWIFT_OPTIMIZATION_LEVEL = "-O";
				VALIDATE_PRODUCT = YES;
			};
			name = Release;
		};
		3318E048289E59B400B34372 /* Debug */ = {
			isa = XCBuildConfiguration;
			buildSettings = {
				ASSETCATALOG_COMPILER_APPICON_NAME = AppIcon;
				ASSETCATALOG_COMPILER_GLOBAL_ACCENT_COLOR_NAME = AccentColor;
				CODE_SIGN_STYLE = Automatic;
				CURRENT_PROJECT_VERSION = 1;
				DEVELOPMENT_ASSET_PATHS = "\"FurnitureShop App/Preview Content\"";
				DEVELOPMENT_TEAM = BPUX5BGUS6;
				ENABLE_PREVIEWS = YES;
				GENERATE_INFOPLIST_FILE = YES;
				INFOPLIST_FILE = "FurnitureShop-App-Info.plist";
				INFOPLIST_KEY_CFBundleDisplayName = "";
				INFOPLIST_KEY_LSApplicationCategoryType = "";
				INFOPLIST_KEY_UIApplicationSceneManifest_Generation = YES;
				INFOPLIST_KEY_UIApplicationSupportsIndirectInputEvents = YES;
				INFOPLIST_KEY_UILaunchScreen_Generation = YES;
				INFOPLIST_KEY_UISupportedInterfaceOrientations = "UIInterfaceOrientationPortrait UIInterfaceOrientationLandscapeLeft UIInterfaceOrientationLandscapeRight";
				INFOPLIST_KEY_UISupportedInterfaceOrientations_iPad = "UIInterfaceOrientationPortrait UIInterfaceOrientationPortraitUpsideDown UIInterfaceOrientationLandscapeLeft UIInterfaceOrientationLandscapeRight";
				INFOPLIST_KEY_UISupportedInterfaceOrientations_iPhone = "UIInterfaceOrientationPortrait UIInterfaceOrientationLandscapeLeft UIInterfaceOrientationLandscapeRight";
				LD_RUNPATH_SEARCH_PATHS = (
					"$(inherited)",
					"@executable_path/Frameworks",
				);
				MARKETING_VERSION = 1.0;
				PRODUCT_BUNDLE_IDENTIFIER = "com.Myproject.FurnitureShop-App";
				PRODUCT_NAME = "$(TARGET_NAME)";
				SWIFT_EMIT_LOC_STRINGS = YES;
				SWIFT_VERSION = 5.0;
				TARGETED_DEVICE_FAMILY = "1,2";
			};
			name = Debug;
		};
		3318E049289E59B400B34372 /* Release */ = {
			isa = XCBuildConfiguration;
			buildSettings = {
				ASSETCATALOG_COMPILER_APPICON_NAME = AppIcon;
				ASSETCATALOG_COMPILER_GLOBAL_ACCENT_COLOR_NAME = AccentColor;
				CODE_SIGN_STYLE = Automatic;
				CURRENT_PROJECT_VERSION = 1;
				DEVELOPMENT_ASSET_PATHS = "\"FurnitureShop App/Preview Content\"";
				DEVELOPMENT_TEAM = BPUX5BGUS6;
				ENABLE_PREVIEWS = YES;
				GENERATE_INFOPLIST_FILE = YES;
				INFOPLIST_FILE = "FurnitureShop-App-Info.plist";
				INFOPLIST_KEY_CFBundleDisplayName = "";
				INFOPLIST_KEY_LSApplicationCategoryType = "";
				INFOPLIST_KEY_UIApplicationSceneManifest_Generation = YES;
				INFOPLIST_KEY_UIApplicationSupportsIndirectInputEvents = YES;
				INFOPLIST_KEY_UILaunchScreen_Generation = YES;
				INFOPLIST_KEY_UISupportedInterfaceOrientations = "UIInterfaceOrientationPortrait UIInterfaceOrientationLandscapeLeft UIInterfaceOrientationLandscapeRight";
				INFOPLIST_KEY_UISupportedInterfaceOrientations_iPad = "UIInterfaceOrientationPortrait UIInterfaceOrientationPortraitUpsideDown UIInterfaceOrientationLandscapeLeft UIInterfaceOrientationLandscapeRight";
				INFOPLIST_KEY_UISupportedInterfaceOrientations_iPhone = "UIInterfaceOrientationPortrait UIInterfaceOrientationLandscapeLeft UIInterfaceOrientationLandscapeRight";
				LD_RUNPATH_SEARCH_PATHS = (
					"$(inherited)",
					"@executable_path/Frameworks",
				);
				MARKETING_VERSION = 1.0;
				PRODUCT_BUNDLE_IDENTIFIER = "com.Myproject.FurnitureShop-App";
				PRODUCT_NAME = "$(TARGET_NAME)";
				SWIFT_EMIT_LOC_STRINGS = YES;
				SWIFT_VERSION = 5.0;
				TARGETED_DEVICE_FAMILY = "1,2";
			};
			name = Release;
		};
/* End XCBuildConfiguration section */

/* Begin XCConfigurationList section */
		3318E034289E59B200B34372 /* Build configuration list for PBXProject "FurnitureShop App" */ = {
			isa = XCConfigurationList;
			buildConfigurations = (
				3318E045289E59B400B34372 /* Debug */,
				3318E046289E59B400B34372 /* Release */,
			);
			defaultConfigurationIsVisible = 0;
			defaultConfigurationName = Release;
		};
		3318E047289E59B400B34372 /* Build configuration list for PBXNativeTarget "FurnitureShop App" */ = {
			isa = XCConfigurationList;
			buildConfigurations = (
				3318E048289E59B400B34372 /* Debug */,
				3318E049289E59B400B34372 /* Release */,
			);
			defaultConfigurationIsVisible = 0;
			defaultConfigurationName = Release;
		};
/* End XCConfigurationList section */
	};
	rootObject = 3318E031289E59B200B34372 /* Project object */;
}
